
Microsoft Visual Studio Solution File, Format Version 12.00
# Visual Studio 14
VisualStudioVersion = 14.0.25420.1
MinimumVisualStudioVersion = 10.0.40219.1
Project("{F2A71F9B-5D33-465A-A702-920D77279786}") = "DomainModel", "DomainModel\DomainModel.fsproj", "{738476C7-8837-496B-B0FF-8B7CFE76087A}"
EndProject
Project("{FAE04EC0-301F-11D3-BF4B-00C04F79EFBC}") = "UserInterface", "UserInterface\UserInterface.csproj", "{1632BA43-09AC-4F22-9D60-25D2AD0B224C}"
EndProject
Project("{F2A71F9B-5D33-465A-A702-920D77279786}") = "Client", "Client\Client.fsproj", "{AC99BA42-BC9A-4386-BEF3-A906ADE38152}"
EndProject
Project("{F2A71F9B-5D33-465A-A702-920D77279786}") = "PublisherServiceHost", "PublisherServiceHost\PublisherServiceHost.fsproj", "{CC230E48-A920-449E-AEBE-CF4555242884}"
EndProject
Project("{F2A71F9B-5D33-465A-A702-920D77279786}") = "PublisherService", "PublisherService\PublisherService.fsproj", "{BDBCDC50-EEBA-496F-B0B7-5E8FF9CD2402}"
EndProject
Project("{F2A71F9B-5D33-465A-A702-920D77279786}") = "RmqPublisherService", "RmqPublisherService\RmqPublisherService.fsproj", "{FC6A2CEC-9F3F-44DF-BF21-9FF853BFF86D}"
EndProject
Project("{F2A71F9B-5D33-465A-A702-920D77279786}") = "RmqPublisherClient", "RmqPublisherClient\RmqPublisherClient.fsproj", "{D2781573-3D46-40B1-8812-396DB8EED155}"
EndProject
Global
	GlobalSection(SolutionConfigurationPlatforms) = preSolution
		Debug|Any CPU = Debug|Any CPU
		Release|Any CPU = Release|Any CPU
	EndGlobalSection
	GlobalSection(ProjectConfigurationPlatforms) = postSolution
		{738476C7-8837-496B-B0FF-8B7CFE76087A}.Debug|Any CPU.ActiveCfg = Debug|Any CPU
		{738476C7-8837-496B-B0FF-8B7CFE76087A}.Debug|Any CPU.Build.0 = Debug|Any CPU
		{738476C7-8837-496B-B0FF-8B7CFE76087A}.Release|Any CPU.ActiveCfg = Release|Any CPU
		{738476C7-8837-496B-B0FF-8B7CFE76087A}.Release|Any CPU.Build.0 = Release|Any CPU
		{1632BA43-09AC-4F22-9D60-25D2AD0B224C}.Debug|Any CPU.ActiveCfg = Debug|Any CPU
		{1632BA43-09AC-4F22-9D60-25D2AD0B224C}.Debug|Any CPU.Build.0 = Debug|Any CPU
		{1632BA43-09AC-4F22-9D60-25D2AD0B224C}.Release|Any CPU.ActiveCfg = Release|Any CPU
		{1632BA43-09AC-4F22-9D60-25D2AD0B224C}.Release|Any CPU.Build.0 = Release|Any CPU
		{AC99BA42-BC9A-4386-BEF3-A906ADE38152}.Debug|Any CPU.ActiveCfg = Debug|Any CPU
		{AC99BA42-BC9A-4386-BEF3-A906ADE38152}.Debug|Any CPU.Build.0 = Debug|Any CPU
		{AC99BA42-BC9A-4386-BEF3-A906ADE38152}.Release|Any CPU.ActiveCfg = Release|Any CPU
		{AC99BA42-BC9A-4386-BEF3-A906ADE38152}.Release|Any CPU.Build.0 = Release|Any CPU
		{CC230E48-A920-449E-AEBE-CF4555242884}.Debug|Any CPU.ActiveCfg = Debug|Any CPU
		{CC230E48-A920-449E-AEBE-CF4555242884}.Debug|Any CPU.Build.0 = Debug|Any CPU
		{CC230E48-A920-449E-AEBE-CF4555242884}.Release|Any CPU.ActiveCfg = Release|Any CPU
		{CC230E48-A920-449E-AEBE-CF4555242884}.Release|Any CPU.Build.0 = Release|Any CPU
		{BDBCDC50-EEBA-496F-B0B7-5E8FF9CD2402}.Debug|Any CPU.ActiveCfg = Debug|Any CPU
		{BDBCDC50-EEBA-496F-B0B7-5E8FF9CD2402}.Debug|Any CPU.Build.0 = Debug|Any CPU
		{BDBCDC50-EEBA-496F-B0B7-5E8FF9CD2402}.Release|Any CPU.ActiveCfg = Release|Any CPU
		{BDBCDC50-EEBA-496F-B0B7-5E8FF9CD2402}.Release|Any CPU.Build.0 = Release|Any CPU
		{FC6A2CEC-9F3F-44DF-BF21-9FF853BFF86D}.Debug|Any CPU.ActiveCfg = Debug|Any CPU
		{FC6A2CEC-9F3F-44DF-BF21-9FF853BFF86D}.Debug|Any CPU.Build.0 = Debug|Any CPU
		{FC6A2CEC-9F3F-44DF-BF21-9FF853BFF86D}.Release|Any CPU.ActiveCfg = Release|Any CPU
		{FC6A2CEC-9F3F-44DF-BF21-9FF853BFF86D}.Release|Any CPU.Build.0 = Release|Any CPU
		{D2781573-3D46-40B1-8812-396DB8EED155}.Debug|Any CPU.ActiveCfg = Debug|Any CPU
		{D2781573-3D46-40B1-8812-396DB8EED155}.Debug|Any CPU.Build.0 = Debug|Any CPU
		{D2781573-3D46-40B1-8812-396DB8EED155}.Release|Any CPU.ActiveCfg = Release|Any CPU
		{D2781573-3D46-40B1-8812-396DB8EED155}.Release|Any CPU.Build.0 = Release|Any CPU
	EndGlobalSection
	GlobalSection(SolutionProperties) = preSolution
		HideSolutionNode = FALSE
	EndGlobalSection
EndGlobal
